
Microsoft Visual Studio Solution File, Format Version 12.00
# Visual Studio Version 17
VisualStudioVersion = 17.6.33829.357
MinimumVisualStudioVersion = 10.0.40219.1
Project("{FAE04EC0-301F-11D3-BF4B-00C04F79EFBC}") = "Calculator", "Calculator.csproj", "{E9859B30-5934-4A1B-9CF1-E18E82C9C43E}"
EndProject
Global
	GlobalSection(SolutionConfigurationPlatforms) = preSolution
		Debug|Any CPU = Debug|Any CPU
		Release|Any CPU = Release|Any CPU
	EndGlobalSection
	GlobalSection(ProjectConfigurationPlatforms) = postSolution
		{E9859B30-5934-4A1B-9CF1-E18E82C9C43E}.Debug|Any CPU.ActiveCfg = Debug|Any CPU
		{E9859B30-5934-4A1B-9CF1-E18E82C9C43E}.Debug|Any CPU.Build.0 = Debug|Any CPU
		{E9859B30-5934-4A1B-9CF1-E18E82C9C43E}.Release|Any CPU.ActiveCfg = Release|Any CPU
		{E9859B30-5934-4A1B-9CF1-E18E82C9C43E}.Release|Any CPU.Build.0 = Release|Any CPU
	EndGlobalSection
	GlobalSection(SolutionProperties) = preSolution
		HideSolutionNode = FALSE
	EndGlobalSection
	GlobalSection(ExtensibilityGlobals) = postSolution
		SolutionGuid = {4730F2F2-D369-4A87-AE51-BFB3F3252A6C}
	EndGlobalSection
EndGlobal
